
Microsoft Visual Studio Solution File, Format Version 12.00
# Visual Studio Version 16
VisualStudioVersion = 16.0.33423.256
MinimumVisualStudioVersion = 10.0.40219.1
Project("{8BC9CEB8-8B4A-11D0-8D11-00A0C91BC942}") = "CiviliAdventure", "CiviliAdventure\CiviliAdventure.vcxproj", "{C7ADA347-C0D8-4BCA-BEBF-B5F404AADAE1}"
EndProject
Global
	GlobalSection(SolutionConfigurationPlatforms) = preSolution
		Debug|x64 = Debug|x64
		Debug|x86 = Debug|x86
		Release|x64 = Release|x64
		Release|x86 = Release|x86
	EndGlobalSection
	GlobalSection(ProjectConfigurationPlatforms) = postSolution
		{C7ADA347-C0D8-4BCA-BEBF-B5F404AADAE1}.Debug|x64.ActiveCfg = Debug|x64
		{C7ADA347-C0D8-4BCA-BEBF-B5F404AADAE1}.Debug|x64.Build.0 = Debug|x64
		{C7ADA347-C0D8-4BCA-BEBF-B5F404AADAE1}.Debug|x86.ActiveCfg = Debug|Win32
		{C7ADA347-C0D8-4BCA-BEBF-B5F404AADAE1}.Debug|x86.Build.0 = Debug|Win32
		{C7ADA347-C0D8-4BCA-BEBF-B5F404AADAE1}.Release|x64.ActiveCfg = Release|x64
		{C7ADA347-C0D8-4BCA-BEBF-B5F404AADAE1}.Release|x64.Build.0 = Release|x64
		{C7ADA347-C0D8-4BCA-BEBF-B5F404AADAE1}.Release|x86.ActiveCfg = Release|Win32
		{C7ADA347-C0D8-4BCA-BEBF-B5F404AADAE1}.Release|x86.Build.0 = Release|Win32
	EndGlobalSection
	GlobalSection(SolutionProperties) = preSolution
		HideSolutionNode = FALSE
	EndGlobalSection
	GlobalSection(ExtensibilityGlobals) = postSolution
		SolutionGuid = {A2688891-9B0F-480C-BA87-5C27DD8AF954}
	EndGlobalSection
EndGlobal
